
Microsoft Visual Studio Solution File, Format Version 12.00
# Visual Studio Version 17
VisualStudioVersion = 17.12.35527.113 d17.12
MinimumVisualStudioVersion = 10.0.40219.1
Project("{FAE04EC0-301F-11D3-BF4B-00C04F79EFBC}") = "MDF.CodeAggregator.App", "MDF.CodeAggregator.App\MDF.CodeAggregator.App.csproj", "{F72DD9C3-5C0A-416B-ACE4-6D57EBDF737B}"
EndProject
Project("{FAE04EC0-301F-11D3-BF4B-00C04F79EFBC}") = "MDF.CodeAggregator.App.Tests", "MDF.CodeAggregator.App.Tests\MDF.CodeAggregator.App.Tests.csproj", "{7DA1020A-31A1-41CD-8068-E82019DFD128}"
EndProject
Global
	GlobalSection(SolutionConfigurationPlatforms) = preSolution
		Debug|Any CPU = Debug|Any CPU
		Release|Any CPU = Release|Any CPU
	EndGlobalSection
	GlobalSection(ProjectConfigurationPlatforms) = postSolution
		{F72DD9C3-5C0A-416B-ACE4-6D57EBDF737B}.Debug|Any CPU.ActiveCfg = Debug|Any CPU
		{F72DD9C3-5C0A-416B-ACE4-6D57EBDF737B}.Debug|Any CPU.Build.0 = Debug|Any CPU
		{F72DD9C3-5C0A-416B-ACE4-6D57EBDF737B}.Release|Any CPU.ActiveCfg = Release|Any CPU
		{F72DD9C3-5C0A-416B-ACE4-6D57EBDF737B}.Release|Any CPU.Build.0 = Release|Any CPU
		{7DA1020A-31A1-41CD-8068-E82019DFD128}.Debug|Any CPU.ActiveCfg = Debug|Any CPU
		{7DA1020A-31A1-41CD-8068-E82019DFD128}.Debug|Any CPU.Build.0 = Debug|Any CPU
		{7DA1020A-31A1-41CD-8068-E82019DFD128}.Release|Any CPU.ActiveCfg = Release|Any CPU
		{7DA1020A-31A1-41CD-8068-E82019DFD128}.Release|Any CPU.Build.0 = Release|Any CPU
	EndGlobalSection
	GlobalSection(SolutionProperties) = preSolution
		HideSolutionNode = FALSE
	EndGlobalSection
EndGlobal
